
Microsoft Visual Studio Solution File, Format Version 12.00
# Visual Studio 2012
Project("{FAE04EC0-301F-11D3-BF4B-00C04F79EFBC}") = "NWTBibleFroyo", "NWTBibleFroyo.csproj", "{C4831832-A75B-4A9A-9939-A34A4364F8A5}"
EndProject
Project("{FAE04EC0-301F-11D3-BF4B-00C04F79EFBC}") = "SlidingMenuBinding", "..\SlidingMenuBinding\SlidingMenuBinding.csproj", "{81C5E4C1-0E21-43E9-8DFE-A8CEBECBDA3C}"
EndProject
Project("{FAE04EC0-301F-11D3-BF4B-00C04F79EFBC}") = "ActionBarSherlock", "..\ActionBarSherlock\ActionBarSherlock.csproj", "{2D5471B2-8255-4E47-97E9-EEB28678CC82}"
EndProject
Project("{FAE04EC0-301F-11D3-BF4B-00C04F79EFBC}") = "Xamarin.Parse", "..\Xamarin.Parse\Xamarin.Parse.csproj", "{A18781AE-66A5-4BC3-A1DD-183DF97C2DBE}"
EndProject
Project("{FAE04EC0-301F-11D3-BF4B-00C04F79EFBC}") = "ActionsContentViewLibrary", "..\ActionsContentViewLibrary\ActionsContentViewLibrary.csproj", "{D999F0ED-98FA-4F61-920D-684564885D04}"
EndProject
Project("{FAE04EC0-301F-11D3-BF4B-00C04F79EFBC}") = "ActionsContentViewBinding", "..\ActionsContentViewBinding\ActionsContentViewBinding.csproj", "{9CC79272-8EEB-4CDE-A11B-4FBA8500EB31}"
EndProject
Project("{FAE04EC0-301F-11D3-BF4B-00C04F79EFBC}") = "ActionsContentViewExample", "..\ActionsContentViewExample\ActionsContentViewExample.csproj", "{7588575E-D884-4682-AF28-97B0DD993620}"
EndProject
Project("{FAE04EC0-301F-11D3-BF4B-00C04F79EFBC}") = "SlidingMenuSharp", "..\SlidingMenuSharp\SlidingMenuSharp.csproj", "{555937D8-1533-4D19-A346-55C192C35A5D}"
EndProject
Project("{FAE04EC0-301F-11D3-BF4B-00C04F79EFBC}") = "Xamarin.Dropbox", "..\Xamarin.Dropbox\Xamarin.Dropbox.csproj", "{4268DCA3-A32B-4D42-8D9D-A2FADC741165}"
EndProject
Project("{FAE04EC0-301F-11D3-BF4B-00C04F79EFBC}") = "StickyGridHeadersBinding", "StickyGridHeadersBinding\StickyGridHeadersBinding.csproj", "{9D6B4F15-5556-48BD-A3B2-680FF6109560}"
EndProject
Global
	GlobalSection(SolutionConfigurationPlatforms) = preSolution
		Debug|Any CPU = Debug|Any CPU
		Release|Any CPU = Release|Any CPU
	EndGlobalSection
	GlobalSection(ProjectConfigurationPlatforms) = postSolution
		{C4831832-A75B-4A9A-9939-A34A4364F8A5}.Debug|Any CPU.ActiveCfg = Debug|Any CPU
		{C4831832-A75B-4A9A-9939-A34A4364F8A5}.Debug|Any CPU.Build.0 = Debug|Any CPU
		{C4831832-A75B-4A9A-9939-A34A4364F8A5}.Debug|Any CPU.Deploy.0 = Debug|Any CPU
		{C4831832-A75B-4A9A-9939-A34A4364F8A5}.Release|Any CPU.ActiveCfg = Release|Any CPU
		{C4831832-A75B-4A9A-9939-A34A4364F8A5}.Release|Any CPU.Build.0 = Release|Any CPU
		{C4831832-A75B-4A9A-9939-A34A4364F8A5}.Release|Any CPU.Deploy.0 = Release|Any CPU
		{81C5E4C1-0E21-43E9-8DFE-A8CEBECBDA3C}.Debug|Any CPU.ActiveCfg = Debug|Any CPU
		{81C5E4C1-0E21-43E9-8DFE-A8CEBECBDA3C}.Debug|Any CPU.Build.0 = Debug|Any CPU
		{81C5E4C1-0E21-43E9-8DFE-A8CEBECBDA3C}.Release|Any CPU.ActiveCfg = Release|Any CPU
		{81C5E4C1-0E21-43E9-8DFE-A8CEBECBDA3C}.Release|Any CPU.Build.0 = Release|Any CPU
		{2D5471B2-8255-4E47-97E9-EEB28678CC82}.Debug|Any CPU.ActiveCfg = Debug|Any CPU
		{2D5471B2-8255-4E47-97E9-EEB28678CC82}.Debug|Any CPU.Build.0 = Debug|Any CPU
		{2D5471B2-8255-4E47-97E9-EEB28678CC82}.Release|Any CPU.ActiveCfg = Release|Any CPU
		{2D5471B2-8255-4E47-97E9-EEB28678CC82}.Release|Any CPU.Build.0 = Release|Any CPU
		{A18781AE-66A5-4BC3-A1DD-183DF97C2DBE}.Debug|Any CPU.ActiveCfg = Debug|Any CPU
		{A18781AE-66A5-4BC3-A1DD-183DF97C2DBE}.Debug|Any CPU.Build.0 = Debug|Any CPU
		{A18781AE-66A5-4BC3-A1DD-183DF97C2DBE}.Release|Any CPU.ActiveCfg = Release|Any CPU
		{A18781AE-66A5-4BC3-A1DD-183DF97C2DBE}.Release|Any CPU.Build.0 = Release|Any CPU
		{D999F0ED-98FA-4F61-920D-684564885D04}.Debug|Any CPU.ActiveCfg = Debug|Any CPU
		{D999F0ED-98FA-4F61-920D-684564885D04}.Debug|Any CPU.Build.0 = Debug|Any CPU
		{D999F0ED-98FA-4F61-920D-684564885D04}.Release|Any CPU.ActiveCfg = Release|Any CPU
		{D999F0ED-98FA-4F61-920D-684564885D04}.Release|Any CPU.Build.0 = Release|Any CPU
		{9CC79272-8EEB-4CDE-A11B-4FBA8500EB31}.Debug|Any CPU.ActiveCfg = Debug|Any CPU
		{9CC79272-8EEB-4CDE-A11B-4FBA8500EB31}.Debug|Any CPU.Build.0 = Debug|Any CPU
		{9CC79272-8EEB-4CDE-A11B-4FBA8500EB31}.Release|Any CPU.ActiveCfg = Release|Any CPU
		{9CC79272-8EEB-4CDE-A11B-4FBA8500EB31}.Release|Any CPU.Build.0 = Release|Any CPU
		{7588575E-D884-4682-AF28-97B0DD993620}.Debug|Any CPU.ActiveCfg = Debug|Any CPU
		{7588575E-D884-4682-AF28-97B0DD993620}.Debug|Any CPU.Build.0 = Debug|Any CPU
		{7588575E-D884-4682-AF28-97B0DD993620}.Debug|Any CPU.Deploy.0 = Debug|Any CPU
		{7588575E-D884-4682-AF28-97B0DD993620}.Release|Any CPU.ActiveCfg = Release|Any CPU
		{7588575E-D884-4682-AF28-97B0DD993620}.Release|Any CPU.Build.0 = Release|Any CPU
		{7588575E-D884-4682-AF28-97B0DD993620}.Release|Any CPU.Deploy.0 = Release|Any CPU
		{555937D8-1533-4D19-A346-55C192C35A5D}.Debug|Any CPU.ActiveCfg = Debug|Any CPU
		{555937D8-1533-4D19-A346-55C192C35A5D}.Debug|Any CPU.Build.0 = Debug|Any CPU
		{555937D8-1533-4D19-A346-55C192C35A5D}.Release|Any CPU.ActiveCfg = Release|Any CPU
		{555937D8-1533-4D19-A346-55C192C35A5D}.Release|Any CPU.Build.0 = Release|Any CPU
		{4268DCA3-A32B-4D42-8D9D-A2FADC741165}.Debug|Any CPU.ActiveCfg = Debug|Any CPU
		{4268DCA3-A32B-4D42-8D9D-A2FADC741165}.Debug|Any CPU.Build.0 = Debug|Any CPU
		{4268DCA3-A32B-4D42-8D9D-A2FADC741165}.Release|Any CPU.ActiveCfg = Release|Any CPU
		{4268DCA3-A32B-4D42-8D9D-A2FADC741165}.Release|Any CPU.Build.0 = Release|Any CPU
		{9D6B4F15-5556-48BD-A3B2-680FF6109560}.Debug|Any CPU.ActiveCfg = Debug|Any CPU
		{9D6B4F15-5556-48BD-A3B2-680FF6109560}.Debug|Any CPU.Build.0 = Debug|Any CPU
		{9D6B4F15-5556-48BD-A3B2-680FF6109560}.Release|Any CPU.ActiveCfg = Release|Any CPU
		{9D6B4F15-5556-48BD-A3B2-680FF6109560}.Release|Any CPU.Build.0 = Release|Any CPU
	EndGlobalSection
	GlobalSection(SolutionProperties) = preSolution
		HideSolutionNode = FALSE
	EndGlobalSection
	GlobalSection(MonoDevelopProperties) = preSolution
		StartupItem = NWTBibleFroyo.csproj
	EndGlobalSection
EndGlobal
